
Microsoft Visual Studio Solution File, Format Version 12.00
# Visual Studio Version 17
VisualStudioVersion = 17.0.32014.148
MinimumVisualStudioVersion = 10.0.40219.1
Project("{9A19103F-16F7-4668-BE54-9A1E7A4F7556}") = "LondonStockExchangeApi", "LondonStockExchangeApi.csproj", "{FC42D936-AB33-4DCB-BF76-4ED4EF032FD5}"
EndProject
Global
	GlobalSection(SolutionConfigurationPlatforms) = preSolution
		Debug|Any CPU = Debug|Any CPU
		Release|Any CPU = Release|Any CPU
	EndGlobalSection
	GlobalSection(ProjectConfigurationPlatforms) = postSolution
		{FC42D936-AB33-4DCB-BF76-4ED4EF032FD5}.Debug|Any CPU.ActiveCfg = Debug|Any CPU
		{FC42D936-AB33-4DCB-BF76-4ED4EF032FD5}.Debug|Any CPU.Build.0 = Debug|Any CPU
		{FC42D936-AB33-4DCB-BF76-4ED4EF032FD5}.Release|Any CPU.ActiveCfg = Release|Any CPU
		{FC42D936-AB33-4DCB-BF76-4ED4EF032FD5}.Release|Any CPU.Build.0 = Release|Any CPU
	EndGlobalSection
	GlobalSection(SolutionProperties) = preSolution
		HideSolutionNode = FALSE
	EndGlobalSection
	GlobalSection(ExtensibilityGlobals) = postSolution
		SolutionGuid = {F9A3A708-45A1-45B4-8591-E8F5E4E74F55}
	EndGlobalSection
EndGlobal
